// !$*UTF8*$!
{
	archiveVersion = 1;
	classes = {
	};
	objectVersion = 46;
	objects = {

/* Begin PBXBuildFile section */
		48E4D3061D50F9B000F3EC76 /* AppDelegate.swift in Sources */ = {isa = PBXBuildFile; fileRef = 48E4D3051D50F9B000F3EC76 /* AppDelegate.swift */; };
		48E4D3081D50F9B000F3EC76 /* ViewController.swift in Sources */ = {isa = PBXBuildFile; fileRef = 48E4D3071D50F9B000F3EC76 /* ViewController.swift */; };
		48E4D30B1D50F9B000F3EC76 /* Main.storyboard in Resources */ = {isa = PBXBuildFile; fileRef = 48E4D3091D50F9B000F3EC76 /* Main.storyboard */; };
		48E4D30E1D50F9B000F3EC76 /* eertpeR.xcdatamodeld in Sources */ = {isa = PBXBuildFile; fileRef = 48E4D30C1D50F9B000F3EC76 /* eertpeR.xcdatamodeld */; };
		48E4D3101D50F9B000F3EC76 /* Assets.xcassets in Resources */ = {isa = PBXBuildFile; fileRef = 48E4D30F1D50F9B000F3EC76 /* Assets.xcassets */; };
		48E4D3131D50F9B000F3EC76 /* LaunchScreen.storyboard in Resources */ = {isa = PBXBuildFile; fileRef = 48E4D3111D50F9B000F3EC76 /* LaunchScreen.storyboard */; };
		48E4D3201D50FAE900F3EC76 /* Constants.swift in Sources */ = {isa = PBXBuildFile; fileRef = 48E4D31F1D50FAE900F3EC76 /* Constants.swift */; };
		48E4D3221D50FC9F00F3EC76 /* APIManager.swift in Sources */ = {isa = PBXBuildFile; fileRef = 48E4D3211D50FC9F00F3EC76 /* APIManager.swift */; };
		48E4D3241D50FDD400F3EC76 /* RepStory.swift in Sources */ = {isa = PBXBuildFile; fileRef = 48E4D3231D50FDD400F3EC76 /* RepStory.swift */; };
		48E4D3261D50FE0400F3EC76 /* User.swift in Sources */ = {isa = PBXBuildFile; fileRef = 48E4D3251D50FE0400F3EC76 /* User.swift */; };
/* End PBXBuildFile section */

/* Begin PBXFileReference section */
		48E4D3021D50F9B000F3EC76 /* eertpeR.app */ = {isa = PBXFileReference; explicitFileType = wrapper.application; includeInIndex = 0; path = eertpeR.app; sourceTree = BUILT_PRODUCTS_DIR; };
		48E4D3051D50F9B000F3EC76 /* AppDelegate.swift */ = {isa = PBXFileReference; lastKnownFileType = sourcecode.swift; path = AppDelegate.swift; sourceTree = "<group>"; };
		48E4D3071D50F9B000F3EC76 /* ViewController.swift */ = {isa = PBXFileReference; lastKnownFileType = sourcecode.swift; path = ViewController.swift; sourceTree = "<group>"; };
		48E4D30A1D50F9B000F3EC76 /* Base */ = {isa = PBXFileReference; lastKnownFileType = file.storyboard; name = Base; path = Base.lproj/Main.storyboard; sourceTree = "<group>"; };
		48E4D30D1D50F9B000F3EC76 /* eertpeR.xcdatamodel */ = {isa = PBXFileReference; lastKnownFileType = wrapper.xcdatamodel; path = eertpeR.xcdatamodel; sourceTree = "<group>"; };
		48E4D30F1D50F9B000F3EC76 /* Assets.xcassets */ = {isa = PBXFileReference; lastKnownFileType = folder.assetcatalog; path = Assets.xcassets; sourceTree = "<group>"; };
		48E4D3121D50F9B000F3EC76 /* Base */ = {isa = PBXFileReference; lastKnownFileType = file.storyboard; name = Base; path = Base.lproj/LaunchScreen.storyboard; sourceTree = "<group>"; };
		48E4D3141D50F9B000F3EC76 /* Info.plist */ = {isa = PBXFileReference; lastKnownFileType = text.plist.xml; path = Info.plist; sourceTree = "<group>"; };
		48E4D31F1D50FAE900F3EC76 /* Constants.swift */ = {isa = PBXFileReference; fileEncoding = 4; lastKnownFileType = sourcecode.swift; path = Constants.swift; sourceTree = "<group>"; };
		48E4D3211D50FC9F00F3EC76 /* APIManager.swift */ = {isa = PBXFileReference; fileEncoding = 4; lastKnownFileType = sourcecode.swift; path = APIManager.swift; sourceTree = "<group>"; };
		48E4D3231D50FDD400F3EC76 /* RepStory.swift */ = {isa = PBXFileReference; fileEncoding = 4; lastKnownFileType = sourcecode.swift; path = RepStory.swift; sourceTree = "<group>"; };
		48E4D3251D50FE0400F3EC76 /* User.swift */ = {isa = PBXFileReference; fileEncoding = 4; lastKnownFileType = sourcecode.swift; path = User.swift; sourceTree = "<group>"; };
/* End PBXFileReference section */

/* Begin PBXFrameworksBuildPhase section */
		48E4D2FF1D50F9B000F3EC76 /* Frameworks */ = {
			isa = PBXFrameworksBuildPhase;
			buildActionMask = 2147483647;
			files = (
			);
			runOnlyForDeploymentPostprocessing = 0;
		};
/* End PBXFrameworksBuildPhase section */

/* Begin PBXGroup section */
		48E4D2F91D50F9B000F3EC76 = {
			isa = PBXGroup;
			children = (
				48E4D3041D50F9B000F3EC76 /* eertpeR */,
				48E4D3031D50F9B000F3EC76 /* Products */,
			);
			sourceTree = "<group>";
		};
		48E4D3031D50F9B000F3EC76 /* Products */ = {
			isa = PBXGroup;
			children = (
				48E4D3021D50F9B000F3EC76 /* eertpeR.app */,
			);
			name = Products;
			sourceTree = "<group>";
		};
		48E4D3041D50F9B000F3EC76 /* eertpeR */ = {
			isa = PBXGroup;
			children = (
				48E4D31E1D50FAC900F3EC76 /* Utils */,
				48E4D31C1D50F9E200F3EC76 /* Controller */,
				48E4D31A1D50F9CF00F3EC76 /* Model */,
				48E4D31D1D50FA3B00F3EC76 /* Supporting Files */,
				48E4D31B1D50F9DA00F3EC76 /* View */,
			);
			path = eertpeR;
			sourceTree = "<group>";
		};
		48E4D31A1D50F9CF00F3EC76 /* Model */ = {
			isa = PBXGroup;
			children = (
				48E4D3211D50FC9F00F3EC76 /* APIManager.swift */,
				48E4D3231D50FDD400F3EC76 /* RepStory.swift */,
				48E4D3251D50FE0400F3EC76 /* User.swift */,
			);
			name = Model;
			sourceTree = "<group>";
		};
		48E4D31B1D50F9DA00F3EC76 /* View */ = {
			isa = PBXGroup;
			children = (
				48E4D3091D50F9B000F3EC76 /* Main.storyboard */,
				48E4D3111D50F9B000F3EC76 /* LaunchScreen.storyboard */,
			);
			name = View;
			sourceTree = "<group>";
		};
		48E4D31C1D50F9E200F3EC76 /* Controller */ = {
			isa = PBXGroup;
			children = (
				48E4D3071D50F9B000F3EC76 /* ViewController.swift */,
			);
			name = Controller;
			sourceTree = "<group>";
		};
		48E4D31D1D50FA3B00F3EC76 /* Supporting Files */ = {
			isa = PBXGroup;
			children = (
				48E4D30C1D50F9B000F3EC76 /* eertpeR.xcdatamodeld */,
				48E4D3051D50F9B000F3EC76 /* AppDelegate.swift */,
				48E4D30F1D50F9B000F3EC76 /* Assets.xcassets */,
				48E4D3141D50F9B000F3EC76 /* Info.plist */,
			);
			name = "Supporting Files";
			sourceTree = "<group>";
		};
		48E4D31E1D50FAC900F3EC76 /* Utils */ = {
			isa = PBXGroup;
			children = (
				48E4D31F1D50FAE900F3EC76 /* Constants.swift */,
			);
			name = Utils;
			sourceTree = "<group>";
		};
/* End PBXGroup section */

/* Begin PBXNativeTarget section */
		48E4D3011D50F9B000F3EC76 /* eertpeR */ = {
			isa = PBXNativeTarget;
			buildConfigurationList = 48E4D3171D50F9B000F3EC76 /* Build configuration list for PBXNativeTarget "eertpeR" */;
			buildPhases = (
				48E4D2FE1D50F9B000F3EC76 /* Sources */,
				48E4D2FF1D50F9B000F3EC76 /* Frameworks */,
				48E4D3001D50F9B000F3EC76 /* Resources */,
			);
			buildRules = (
			);
			dependencies = (
			);
			name = eertpeR;
			productName = eertpeR;
			productReference = 48E4D3021D50F9B000F3EC76 /* eertpeR.app */;
			productType = "com.apple.product-type.application";
		};
/* End PBXNativeTarget section */

/* Begin PBXProject section */
		48E4D2FA1D50F9B000F3EC76 /* Project object */ = {
			isa = PBXProject;
			attributes = {
				LastSwiftUpdateCheck = 0730;
				LastUpgradeCheck = 0730;
				ORGANIZATIONNAME = "Mojo Services";
				TargetAttributes = {
					48E4D3011D50F9B000F3EC76 = {
						CreatedOnToolsVersion = 7.3.1;
						DevelopmentTeam = NH6LXYTJA3;
					};
				};
			};
			buildConfigurationList = 48E4D2FD1D50F9B000F3EC76 /* Build configuration list for PBXProject "eertpeR" */;
			compatibilityVersion = "Xcode 3.2";
			developmentRegion = English;
			hasScannedForEncodings = 0;
			knownRegions = (
				en,
				Base,
			);
			mainGroup = 48E4D2F91D50F9B000F3EC76;
			productRefGroup = 48E4D3031D50F9B000F3EC76 /* Products */;
			projectDirPath = "";
			projectRoot = "";
			targets = (
				48E4D3011D50F9B000F3EC76 /* eertpeR */,
			);
		};
/* End PBXProject section */

/* Begin PBXResourcesBuildPhase section */
		48E4D3001D50F9B000F3EC76 /* Resources */ = {
			isa = PBXResourcesBuildPhase;
			buildActionMask = 2147483647;
			files = (
				48E4D3131D50F9B000F3EC76 /* LaunchScreen.storyboard in Resources */,
				48E4D3101D50F9B000F3EC76 /* Assets.xcassets in Resources */,
				48E4D30B1D50F9B000F3EC76 /* Main.storyboard in Resources */,
			);
			runOnlyForDeploymentPostprocessing = 0;
		};
/* End PBXResourcesBuildPhase section */

/* Begin PBXSourcesBuildPhase section */
		48E4D2FE1D50F9B000F3EC76 /* Sources */ = {
			isa = PBXSourcesBuildPhase;
			buildActionMask = 2147483647;
			files = (
				48E4D30E1D50F9B000F3EC76 /* eertpeR.xcdatamodeld in Sources */,
				48E4D3081D50F9B000F3EC76 /* ViewController.swift in Sources */,
				48E4D3221D50FC9F00F3EC76 /* APIManager.swift in Sources */,
				48E4D3241D50FDD400F3EC76 /* RepStory.swift in Sources */,
				48E4D3061D50F9B000F3EC76 /* AppDelegate.swift in Sources */,
				48E4D3201D50FAE900F3EC76 /* Constants.swift in Sources */,
				48E4D3261D50FE0400F3EC76 /* User.swift in Sources */,
			);
			runOnlyForDeploymentPostprocessing = 0;
		};
/* End PBXSourcesBuildPhase section */

/* Begin PBXVariantGroup section */
		48E4D3091D50F9B000F3EC76 /* Main.storyboard */ = {
			isa = PBXVariantGroup;
			children = (
				48E4D30A1D50F9B000F3EC76 /* Base */,
			);
			name = Main.storyboard;
			sourceTree = "<group>";
		};
		48E4D3111D50F9B000F3EC76 /* LaunchScreen.storyboard */ = {
			isa = PBXVariantGroup;
			children = (
				48E4D3121D50F9B000F3EC76 /* Base */,
			);
			name = LaunchScreen.storyboard;
			sourceTree = "<group>";
		};
/* End PBXVariantGroup section */

/* Begin XCBuildConfiguration section */
		48E4D3151D50F9B000F3EC76 /* Debug */ = {
			isa = XCBuildConfiguration;
			buildSettings = {
				ALWAYS_SEARCH_USER_PATHS = NO;
				CLANG_ANALYZER_NONNULL = YES;
				CLANG_CXX_LANGUAGE_STANDARD = "gnu++0x";
				CLANG_CXX_LIBRARY = "libc++";
				CLANG_ENABLE_MODULES = YES;
				CLANG_ENABLE_OBJC_ARC = YES;
				CLANG_WARN_BOOL_CONVERSION = YES;
				CLANG_WARN_CONSTANT_CONVERSION = YES;
				CLANG_WARN_DIRECT_OBJC_ISA_USAGE = YES_ERROR;
				CLANG_WARN_EMPTY_BODY = YES;
				CLANG_WARN_ENUM_CONVERSION = YES;
				CLANG_WARN_INT_CONVERSION = YES;
				CLANG_WARN_OBJC_ROOT_CLASS = YES_ERROR;
				CLANG_WARN_UNREACHABLE_CODE = YES;
				CLANG_WARN__DUPLICATE_METHOD_MATCH = YES;
				"CODE_SIGN_IDENTITY[sdk=iphoneos*]" = "iPhone Developer";
				COPY_PHASE_STRIP = NO;
				DEBUG_INFORMATION_FORMAT = dwarf;
				ENABLE_STRICT_OBJC_MSGSEND = YES;
				ENABLE_TESTABILITY = YES;
				GCC_C_LANGUAGE_STANDARD = gnu99;
				GCC_DYNAMIC_NO_PIC = NO;
				GCC_NO_COMMON_BLOCKS = YES;
				GCC_OPTIMIZATION_LEVEL = 0;
				GCC_PREPROCESSOR_DEFINITIONS = (
					"DEBUG=1",
					"$(inherited)",
				);
				GCC_WARN_64_TO_32_BIT_CONVERSION = YES;
				GCC_WARN_ABOUT_RETURN_TYPE = YES_ERROR;
				GCC_WARN_UNDECLARED_SELECTOR = YES;
				GCC_WARN_UNINITIALIZED_AUTOS = YES_AGGRESSIVE;
				GCC_WARN_UNUSED_FUNCTION = YES;
				GCC_WARN_UNUSED_VARIABLE = YES;
				IPHONEOS_DEPLOYMENT_TARGET = 9.3;
				MTL_ENABLE_DEBUG_INFO = YES;
				ONLY_ACTIVE_ARCH = YES;
				SDKROOT = iphoneos;
				SWIFT_OPTIMIZATION_LEVEL = "-Onone";
				TARGETED_DEVICE_FAMILY = "1,2";
			};
			name = Debug;
		};
		48E4D3161D50F9B000F3EC76 /* Release */ = {
			isa = XCBuildConfiguration;
			buildSettings = {
				ALWAYS_SEARCH_USER_PATHS = NO;
				CLANG_ANALYZER_NONNULL = YES;
				CLANG_CXX_LANGUAGE_STANDARD = "gnu++0x";
				CLANG_CXX_LIBRARY = "libc++";
				CLANG_ENABLE_MODULES = YES;
				CLANG_ENABLE_OBJC_ARC = YES;
				CLANG_WARN_BOOL_CONVERSION = YES;
				CLANG_WARN_CONSTANT_CONVERSION = YES;
				CLANG_WARN_DIRECT_OBJC_ISA_USAGE = YES_ERROR;
				CLANG_WARN_EMPTY_BODY = YES;
				CLANG_WARN_ENUM_CONVERSION = YES;
				CLANG_WARN_INT_CONVERSION = YES;
				CLANG_WARN_OBJC_ROOT_CLASS = YES_ERROR;
				CLANG_WARN_UNREACHABLE_CODE = YES;
				CLANG_WARN__DUPLICATE_METHOD_MATCH = YES;
				"CODE_SIGN_IDENTITY[sdk=iphoneos*]" = "iPhone Developer";
				COPY_PHASE_STRIP = NO;
				DEBUG_INFORMATION_FORMAT = "dwarf-with-dsym";
				ENABLE_NS_ASSERTIONS = NO;
				ENABLE_STRICT_OBJC_MSGSEND = YES;
				GCC_C_LANGUAGE_STANDARD = gnu99;
				GCC_NO_COMMON_BLOCKS = YES;
				GCC_WARN_64_TO_32_BIT_CONVERSION = YES;
				GCC_WARN_ABOUT_RETURN_TYPE = YES_ERROR;
				GCC_WARN_UNDECLARED_SELECTOR = YES;
				GCC_WARN_UNINITIALIZED_AUTOS = YES_AGGRESSIVE;
				GCC_WARN_UNUSED_FUNCTION = YES;
				GCC_WARN_UNUSED_VARIABLE = YES;
				IPHONEOS_DEPLOYMENT_TARGET = 9.3;
				MTL_ENABLE_DEBUG_INFO = NO;
				SDKROOT = iphoneos;
				TARGETED_DEVICE_FAMILY = "1,2";
				VALIDATE_PRODUCT = YES;
			};
			name = Release;
		};
		48E4D3181D50F9B000F3EC76 /* Debug */ = {
			isa = XCBuildConfiguration;
			buildSettings = {
				ASSETCATALOG_COMPILER_APPICON_NAME = AppIcon;
				INFOPLIST_FILE = eertpeR/Info.plist;
				LD_RUNPATH_SEARCH_PATHS = "$(inherited) @executable_path/Frameworks";
				PRODUCT_BUNDLE_IDENTIFIER = com.gary.mojo.eertpeR;
				PRODUCT_NAME = "$(TARGET_NAME)";
			};
			name = Debug;
		};
		48E4D3191D50F9B000F3EC76 /* Release */ = {
			isa = XCBuildConfiguration;
			buildSettings = {
				ASSETCATALOG_COMPILER_APPICON_NAME = AppIcon;
				INFOPLIST_FILE = eertpeR/Info.plist;
				LD_RUNPATH_SEARCH_PATHS = "$(inherited) @executable_path/Frameworks";
				PRODUCT_BUNDLE_IDENTIFIER = com.gary.mojo.eertpeR;
				PRODUCT_NAME = "$(TARGET_NAME)";
			};
			name = Release;
		};
/* End XCBuildConfiguration section */

/* Begin XCConfigurationList section */
		48E4D2FD1D50F9B000F3EC76 /* Build configuration list for PBXProject "eertpeR" */ = {
			isa = XCConfigurationList;
			buildConfigurations = (
				48E4D3151D50F9B000F3EC76 /* Debug */,
				48E4D3161D50F9B000F3EC76 /* Release */,
			);
			defaultConfigurationIsVisible = 0;
			defaultConfigurationName = Release;
		};
		48E4D3171D50F9B000F3EC76 /* Build configuration list for PBXNativeTarget "eertpeR" */ = {
			isa = XCConfigurationList;
			buildConfigurations = (
				48E4D3181D50F9B000F3EC76 /* Debug */,
				48E4D3191D50F9B000F3EC76 /* Release */,
			);
			defaultConfigurationIsVisible = 0;
		};
/* End XCConfigurationList section */

/* Begin XCVersionGroup section */
		48E4D30C1D50F9B000F3EC76 /* eertpeR.xcdatamodeld */ = {
			isa = XCVersionGroup;
			children = (
				48E4D30D1D50F9B000F3EC76 /* eertpeR.xcdatamodel */,
			);
			currentVersion = 48E4D30D1D50F9B000F3EC76 /* eertpeR.xcdatamodel */;
			path = eertpeR.xcdatamodeld;
			sourceTree = "<group>";
			versionGroupType = wrapper.xcdatamodel;
		};
/* End XCVersionGroup section */
	};
	rootObject = 48E4D2FA1D50F9B000F3EC76 /* Project object */;
}
